
Microsoft Visual Studio Solution File, Format Version 12.00
# Visual Studio 14
VisualStudioVersion = 14.0.24720.0
MinimumVisualStudioVersion = 10.0.40219.1
Project("{FAE04EC0-301F-11D3-BF4B-00C04F79EFBC}") = "WinProjectCuarentaV2", "WinProjectCuarentaV2\WinProjectCuarentaV2.csproj", "{2ACE5352-8DED-43F6-A6D9-72E9E4C1099F}"
EndProject
Global
	GlobalSection(SolutionConfigurationPlatforms) = preSolution
		Debug|Any CPU = Debug|Any CPU
		Release|Any CPU = Release|Any CPU
	EndGlobalSection
	GlobalSection(ProjectConfigurationPlatforms) = postSolution
		{2ACE5352-8DED-43F6-A6D9-72E9E4C1099F}.Debug|Any CPU.ActiveCfg = Debug|Any CPU
		{2ACE5352-8DED-43F6-A6D9-72E9E4C1099F}.Debug|Any CPU.Build.0 = Debug|Any CPU
		{2ACE5352-8DED-43F6-A6D9-72E9E4C1099F}.Release|Any CPU.ActiveCfg = Release|Any CPU
		{2ACE5352-8DED-43F6-A6D9-72E9E4C1099F}.Release|Any CPU.Build.0 = Release|Any CPU
	EndGlobalSection
	GlobalSection(SolutionProperties) = preSolution
		HideSolutionNode = FALSE
	EndGlobalSection
EndGlobal
